{
  "name": "sudolang.ai",
  "version": "0.0.1",
  "lockfileVersion": 3,
  "requires": true,
  "packages": {
    "": {
      "name": "sudolang.ai",
      "version": "0.0.1",
      "license": "MIT",
      "dependencies": {
        "error-causes": "^3.0.2"
      }
    },
    "node_modules/error-causes": {
      "version": "3.0.2",
      "resolved": "https://registry.npmjs.org/error-causes/-/error-causes-3.0.2.tgz",
      "integrity": "sha512-i0B8zq1dHL6mM85FGoxaJnVtx6LD5nL2v0hlpGdntg5FOSyzQ46c9lmz5qx0xRS2+PWHGOHcYxGIBC5Le2dRMw==",
      "license": "MIT"
    }
  }
}
